{
  "requires": true,
  "lockfileVersion": 1,
  "dependencies": {
    "@mysql/xdevapi": {
      "version": "8.0.24",
      "resolved": "https://registry.npmjs.org/@mysql/xdevapi/-/xdevapi-8.0.24.tgz",
      "integrity": "sha512-rAMZ5b2bfO8ZPOG3ZFsm2fbkdDI173qxrPWKz1xLE6KkQo9o4uorsyT8PbJJAuj55CHm9CMHcKFWuJLSFWdF8Q==",
      "requires": {
        "google-protobuf": "3.14.0",
        "parsimmon": "1.16.0"
      }
    },
    "google-protobuf": {
      "version": "3.14.0",
      "resolved": "https://registry.npmjs.org/google-protobuf/-/google-protobuf-3.14.0.tgz",
      "integrity": "sha512-bwa8dBuMpOxg7COyqkW6muQuvNnWgVN8TX/epDRGW5m0jcrmq2QJyCyiV8ZE2/6LaIIqJtiv9bYokFhfpy/o6w=="
    },
    "parsimmon": {
      "version": "1.16.0",
      "resolved": "https://registry.npmjs.org/parsimmon/-/parsimmon-1.16.0.tgz",
      "integrity": "sha512-tekGDz2Lny27SQ/5DzJdIK0lqsWwZ667SCLFIDCxaZM7VNgQjyKLbaL7FYPKpbjdxNAXFV/mSxkq5D2fnkW4pA=="
    }
  }
}
